{
  "name": "vue-supabase-project-polymarket",
  "lockfileVersion": 3,
  "requires": true,
  "packages": {
    "": {
      "dependencies": {
        "@supabase/supabase-js": "^2.108.1",
        "supabase": "^2.106.0"
      }
    },
    "node_modules/@supabase/auth-js": {
      "version": "2.108.1",
      "resolved": "https://registry.npmjs.org/@supabase/auth-js/-/auth-js-2.108.1.tgz",
      "integrity": "sha512-Lle5rKU8f9LF3K5dDd8Or8mkkG+ptzRZZWKPVMm9B9UuovH65Ss2+iFnQqRsCqaGouvJEcTWyl0cj2riNrrDLQ==",
      "license": "MIT",
      "dependencies": {
        "tslib": "2.8.1"
      },
      "engines": {
        "node": ">=20.0.0"
      }
    },
    "node_modules/@supabase/cli-darwin-arm64": {
      "version": "2.106.0",
      "resolved": "https://registry.npmjs.org/@supabase/cli-darwin-arm64/-/cli-darwin-arm64-2.106.0.tgz",
      "integrity": "sha512-xi/IAjjbebh6xA9Nkkb7ZwC5ACKJ38OqMoYk1y20ScW5Wt+pxTCcOcaWDWu+2u2Pwc3vTYnXhbknVcQt9UcChQ==",
      "cpu": [
        "arm64"
      ],
      "license": "MIT",
      "optional": true,
      "os": [
        "darwin"
      ]
    },
    "node_modules/@supabase/cli-darwin-x64": {
      "version": "2.106.0",
      "resolved": "https://registry.npmjs.org/@supabase/cli-darwin-x64/-/cli-darwin-x64-2.106.0.tgz",
      "integrity": "sha512-AT2s/8/3Ffb7IkcUXK6sA/iPCzJhh4Fh/XqzAGNGsVd1xCA/ZGniqU8BL03TqPkN1sR0iDaShjMLLIlHEflyPQ==",
      "cpu": [
        "x64"
      ],
      "license": "MIT",
      "optional": true,
      "os": [
        "darwin"
      ]
    },
    "node_modules/@supabase/cli-linux-arm64": {
      "version": "2.106.0",
      "resolved": "https://registry.npmjs.org/@supabase/cli-linux-arm64/-/cli-linux-arm64-2.106.0.tgz",
      "integrity": "sha512-L/pX7fkV31x7zPrUOcD6KMtZ03j16o41XxgkACFoOAE9lFz8KaJOBSHvn2QLeWEa2kLz7jwpisvpshPSMjuxOw==",
      "cpu": [
        "arm64"
      ],
      "license": "MIT",
      "optional": true,
      "os": [
        "linux"
      ]
    },
    "node_modules/@supabase/cli-linux-arm64-musl": {
      "version": "2.106.0",
      "resolved": "https://registry.npmjs.org/@supabase/cli-linux-arm64-musl/-/cli-linux-arm64-musl-2.106.0.tgz",
      "integrity": "sha512-2LExuOHuU6odXorNTvq4M/OvueW+wOs3KDsaCpk+scQMnB6LbmqNidEjXAsKpZu3zyE8MmmtdbJBlRNN/KLdcw==",
      "cpu": [
        "arm64"
      ],
      "license": "MIT",
      "optional": true,
      "os": [
        "linux"
      ]
    },
    "node_modules/@supabase/cli-linux-x64": {
      "version": "2.106.0",
      "resolved": "https://registry.npmjs.org/@supabase/cli-linux-x64/-/cli-linux-x64-2.106.0.tgz",
      "integrity": "sha512-+ihtqFNURc8ssULgQoHQBR4AtUmxez9dtqjclqOV0y5r65SX7Ginmiby4XDW9LPlqHT+MB7OyD1vk0T6pQUtPA==",
      "cpu": [
        "x64"
      ],
      "license": "MIT",
      "optional": true,
      "os": [
        "linux"
      ]
    },
    "node_modules/@supabase/cli-linux-x64-musl": {
      "version": "2.106.0",
      "resolved": "https://registry.npmjs.org/@supabase/cli-linux-x64-musl/-/cli-linux-x64-musl-2.106.0.tgz",
      "integrity": "sha512-wz7heB3wwzmRdLRgqngd2VjPPNIdv6/Y8Q0dX/ZvjcL9/Nk8BYSZ7yjypapLpra+swRnbEJ4jAU6eAShiaB1Hg==",
      "cpu": [
        "x64"
      ],
      "license": "MIT",
      "optional": true,
      "os": [
        "linux"
      ]
    },
    "node_modules/@supabase/cli-windows-arm64": {
      "version": "2.106.0",
      "resolved": "https://registry.npmjs.org/@supabase/cli-windows-arm64/-/cli-windows-arm64-2.106.0.tgz",
      "integrity": "sha512-QkEfRDiuuQwcfASo2DIJZ59AFV6xpqhPNo4r0kSVt38StYk3iL7ZcSOkZvGQWLlJ8kXKPBWEMhLnfHQF9r+Xfg==",
      "cpu": [
        "arm64"
      ],
      "license": "MIT",
      "optional": true,
      "os": [
        "win32"
      ]
    },
    "node_modules/@supabase/cli-windows-x64": {
      "version": "2.106.0",
      "resolved": "https://registry.npmjs.org/@supabase/cli-windows-x64/-/cli-windows-x64-2.106.0.tgz",
      "integrity": "sha512-1tQFbrH1KJhWJqHrY087XPz1WRi20eKG1pebG+6PjSD6XN+j0+x1PTOtBZrylXgY1fOg8BqgU8kl3KX8hI5l9w==",
      "cpu": [
        "x64"
      ],
      "license": "MIT",
      "optional": true,
      "os": [
        "win32"
      ]
    },
    "node_modules/@supabase/functions-js": {
      "version": "2.108.1",
      "resolved": "https://registry.npmjs.org/@supabase/functions-js/-/functions-js-2.108.1.tgz",
      "integrity": "sha512-fxBRW/A4IG7ADQztVt0NaEy5ysiO1WJ2pbldsnBchrkHuyepX0Krek9qA9T4gUQBVVTCE9Ea4pdsM5hfn3nc4A==",
      "license": "MIT",
      "dependencies": {
        "tslib": "2.8.1"
      },
      "engines": {
        "node": ">=20.0.0"
      }
    },
    "node_modules/@supabase/phoenix": {
      "version": "0.4.2",
      "resolved": "https://registry.npmjs.org/@supabase/phoenix/-/phoenix-0.4.2.tgz",
      "integrity": "sha512-YSAGnmDAfuleFCVt3CeurQZAhxRfXWeZIIkwp7NhYzQ1UwW6ePSnzsFAiUm/mbCkfoCf70QQHKW/K6RKh52a4A==",
      "license": "MIT"
    },
    "node_modules/@supabase/postgrest-js": {
      "version": "2.108.1",
      "resolved": "https://registry.npmjs.org/@supabase/postgrest-js/-/postgrest-js-2.108.1.tgz",
      "integrity": "sha512-9lj2MCPPMgSTaJ5y+amnhb3TWPtMFVlbDn2hmX/VV91xQU4j0AauwfMaBErHBJ+zzsSwjc0jLU+zLIZFLQzfig==",
      "license": "MIT",
      "dependencies": {
        "tslib": "2.8.1"
      },
      "engines": {
        "node": ">=20.0.0"
      }
    },
    "node_modules/@supabase/realtime-js": {
      "version": "2.108.1",
      "resolved": "https://registry.npmjs.org/@supabase/realtime-js/-/realtime-js-2.108.1.tgz",
      "integrity": "sha512-mHGGqOjwd1XTydcoffUqEMsbFQHUi6A3uhQ0EXr3iqzpLqItxKA9nbN6gIQxrZ7JRRnuUe/iOFPUkYV9Tdc5lg==",
      "license": "MIT",
      "dependencies": {
        "@supabase/phoenix": "^0.4.2",
        "tslib": "2.8.1"
      },
      "engines": {
        "node": ">=20.0.0"
      }
    },
    "node_modules/@supabase/storage-js": {
      "version": "2.108.1",
      "resolved": "https://registry.npmjs.org/@supabase/storage-js/-/storage-js-2.108.1.tgz",
      "integrity": "sha512-Er0SGGt85iT6ye+SSh98Az6L2CesoZJuyzEZYH2oBOAnIxa9Nn4CtwUC3veGxYggoT56X+3tVuuQeDBP8kR8sg==",
      "license": "MIT",
      "dependencies": {
        "iceberg-js": "^0.8.1",
        "tslib": "2.8.1"
      },
      "engines": {
        "node": ">=20.0.0"
      }
    },
    "node_modules/@supabase/supabase-js": {
      "version": "2.108.1",
      "resolved": "https://registry.npmjs.org/@supabase/supabase-js/-/supabase-js-2.108.1.tgz",
      "integrity": "sha512-V/1hRKLSCJ0zEL+9QFRBUtivvePfOsaAYQmC0HhFNSHC2F3xFs4jSF3YhkLmzex6E4V4FGvmBDOP72D/53NnZA==",
      "license": "MIT",
      "dependencies": {
        "@supabase/auth-js": "2.108.1",
        "@supabase/functions-js": "2.108.1",
        "@supabase/postgrest-js": "2.108.1",
        "@supabase/realtime-js": "2.108.1",
        "@supabase/storage-js": "2.108.1"
      },
      "engines": {
        "node": ">=20.0.0"
      }
    },
    "node_modules/iceberg-js": {
      "version": "0.8.1",
      "resolved": "https://registry.npmjs.org/iceberg-js/-/iceberg-js-0.8.1.tgz",
      "integrity": "sha512-1dhVQZXhcHje7798IVM+xoo/1ZdVfzOMIc8/rgVSijRK38EDqOJoGula9N/8ZI5RD8QTxNQtK/Gozpr+qUqRRA==",
      "license": "MIT",
      "engines": {
        "node": ">=20.0.0"
      }
    },
    "node_modules/supabase": {
      "version": "2.106.0",
      "resolved": "https://registry.npmjs.org/supabase/-/supabase-2.106.0.tgz",
      "integrity": "sha512-jV0PJi5LqXUMZ4kriRLvST3DX1YDhrxOgnFJLOn6oUw3KQEFJPXhA60yLQ9aWG1E1uZCp4vUJwSuSGq3HPfaSQ==",
      "license": "MIT",
      "bin": {
        "supabase": "dist/supabase.js"
      },
      "optionalDependencies": {
        "@supabase/cli-darwin-arm64": "2.106.0",
        "@supabase/cli-darwin-x64": "2.106.0",
        "@supabase/cli-linux-arm64": "2.106.0",
        "@supabase/cli-linux-arm64-musl": "2.106.0",
        "@supabase/cli-linux-x64": "2.106.0",
        "@supabase/cli-linux-x64-musl": "2.106.0",
        "@supabase/cli-windows-arm64": "2.106.0",
        "@supabase/cli-windows-x64": "2.106.0"
      }
    },
    "node_modules/tslib": {
      "version": "2.8.1",
      "resolved": "https://registry.npmjs.org/tslib/-/tslib-2.8.1.tgz",
      "integrity": "sha512-oJFu94HQb+KVduSUQL7wnpmqnfmLsOA/nAh6b6EH0wCEoK0/mPeXU6c3wKDV83MkOuHPRHtSXKKU99IBazS/2w==",
      "license": "0BSD"
    }
  }
}
